// !$*UTF8*$!
{
	archiveVersion = 1;
	classes = {
	};
	objectVersion = 48;
	objects = {

/* Begin PBXBuildFile section */
		DD0F262720C8484300051E7E /* AddQuestionViewController.swift in Sources */ = {isa = PBXBuildFile; fileRef = DD0F262620C8484300051E7E /* AddQuestionViewController.swift */; };
		DD3C9BCF20C52F6800353DFC /* QuestionTableViewCell.swift in Sources */ = {isa = PBXBuildFile; fileRef = DD3C9BCE20C52F6800353DFC /* QuestionTableViewCell.swift */; };
		DD3C9BD120C52F8D00353DFC /* QuestionsTableViewController.swift in Sources */ = {isa = PBXBuildFile; fileRef = DD3C9BD020C52F8D00353DFC /* QuestionsTableViewController.swift */; };
		DD4848BA20592D2F00CBE6AB /* AppDelegate.swift in Sources */ = {isa = PBXBuildFile; fileRef = DD4848B920592D2F00CBE6AB /* AppDelegate.swift */; };
		DD4848BF20592D2F00CBE6AB /* Main.storyboard in Resources */ = {isa = PBXBuildFile; fileRef = DD4848BD20592D2F00CBE6AB /* Main.storyboard */; };
		DD4848C120592D2F00CBE6AB /* Assets.xcassets in Resources */ = {isa = PBXBuildFile; fileRef = DD4848C020592D2F00CBE6AB /* Assets.xcassets */; };
		DD4848C420592D2F00CBE6AB /* LaunchScreen.storyboard in Resources */ = {isa = PBXBuildFile; fileRef = DD4848C220592D2F00CBE6AB /* LaunchScreen.storyboard */; };
		DD4848CF20592D2F00CBE6AB /* LicencjatTests.swift in Sources */ = {isa = PBXBuildFile; fileRef = DD4848CE20592D2F00CBE6AB /* LicencjatTests.swift */; };
		DD4848DA20592D2F00CBE6AB /* LicencjatUITests.swift in Sources */ = {isa = PBXBuildFile; fileRef = DD4848D920592D2F00CBE6AB /* LicencjatUITests.swift */; };
		DD4848E8205944FE00CBE6AB /* QuestionViewController.swift in Sources */ = {isa = PBXBuildFile; fileRef = DD4848E7205944FE00CBE6AB /* QuestionViewController.swift */; };
		DD7FED4820984FE700E7B614 /* LoginView.swift in Sources */ = {isa = PBXBuildFile; fileRef = DD7FED4720984FE600E7B614 /* LoginView.swift */; };
		DD7FED582098986D00E7B614 /* QuestionStruct.swift in Sources */ = {isa = PBXBuildFile; fileRef = DD7FED572098986D00E7B614 /* QuestionStruct.swift */; };
		DD8695B7208513420097CFF6 /* Networking.swift in Sources */ = {isa = PBXBuildFile; fileRef = DD8695B6208513420097CFF6 /* Networking.swift */; };
		DDA5BB6D20CED842001DAFDF /* UsersStruct.swift in Sources */ = {isa = PBXBuildFile; fileRef = DDA5BB6C20CED842001DAFDF /* UsersStruct.swift */; };
		DDCB35AD20D29D3D00E0EA1B /* SwiftKeychainWrapper.framework in Frameworks */ = {isa = PBXBuildFile; fileRef = DD7FED522098760600E7B614 /* SwiftKeychainWrapper.framework */; };
/* End PBXBuildFile section */

/* Begin PBXContainerItemProxy section */
		DD4848CB20592D2F00CBE6AB /* PBXContainerItemProxy */ = {
			isa = PBXContainerItemProxy;
			containerPortal = DD4848AE20592D2F00CBE6AB /* Project object */;
			proxyType = 1;
			remoteGlobalIDString = DD4848B520592D2F00CBE6AB;
			remoteInfo = Licencjat;
		};
		DD4848D620592D2F00CBE6AB /* PBXContainerItemProxy */ = {
			isa = PBXContainerItemProxy;
			containerPortal = DD4848AE20592D2F00CBE6AB /* Project object */;
			proxyType = 1;
			remoteGlobalIDString = DD4848B520592D2F00CBE6AB;
			remoteInfo = Licencjat;
		};
/* End PBXContainerItemProxy section */

/* Begin PBXFileReference section */
		DD0F262620C8484300051E7E /* AddQuestionViewController.swift */ = {isa = PBXFileReference; lastKnownFileType = sourcecode.swift; path = AddQuestionViewController.swift; sourceTree = "<group>"; };
		DD3C9BCE20C52F6800353DFC /* QuestionTableViewCell.swift */ = {isa = PBXFileReference; lastKnownFileType = sourcecode.swift; path = QuestionTableViewCell.swift; sourceTree = "<group>"; };
		DD3C9BD020C52F8D00353DFC /* QuestionsTableViewController.swift */ = {isa = PBXFileReference; lastKnownFileType = sourcecode.swift; path = QuestionsTableViewController.swift; sourceTree = "<group>"; };
		DD4848B620592D2F00CBE6AB /* Licencjat.app */ = {isa = PBXFileReference; explicitFileType = wrapper.application; includeInIndex = 0; path = Licencjat.app; sourceTree = BUILT_PRODUCTS_DIR; };
		DD4848B920592D2F00CBE6AB /* AppDelegate.swift */ = {isa = PBXFileReference; lastKnownFileType = sourcecode.swift; path = AppDelegate.swift; sourceTree = "<group>"; };
		DD4848BE20592D2F00CBE6AB /* Base */ = {isa = PBXFileReference; lastKnownFileType = file.storyboard; name = Base; path = Base.lproj/Main.storyboard; sourceTree = "<group>"; };
		DD4848C020592D2F00CBE6AB /* Assets.xcassets */ = {isa = PBXFileReference; lastKnownFileType = folder.assetcatalog; path = Assets.xcassets; sourceTree = "<group>"; };
		DD4848C320592D2F00CBE6AB /* Base */ = {isa = PBXFileReference; lastKnownFileType = file.storyboard; name = Base; path = Base.lproj/LaunchScreen.storyboard; sourceTree = "<group>"; };
		DD4848C520592D2F00CBE6AB /* Info.plist */ = {isa = PBXFileReference; lastKnownFileType = text.plist.xml; path = Info.plist; sourceTree = "<group>"; };
		DD4848CA20592D2F00CBE6AB /* LicencjatTests.xctest */ = {isa = PBXFileReference; explicitFileType = wrapper.cfbundle; includeInIndex = 0; path = LicencjatTests.xctest; sourceTree = BUILT_PRODUCTS_DIR; };
		DD4848CE20592D2F00CBE6AB /* LicencjatTests.swift */ = {isa = PBXFileReference; lastKnownFileType = sourcecode.swift; path = LicencjatTests.swift; sourceTree = "<group>"; };
		DD4848D020592D2F00CBE6AB /* Info.plist */ = {isa = PBXFileReference; lastKnownFileType = text.plist.xml; path = Info.plist; sourceTree = "<group>"; };
		DD4848D520592D2F00CBE6AB /* LicencjatUITests.xctest */ = {isa = PBXFileReference; explicitFileType = wrapper.cfbundle; includeInIndex = 0; path = LicencjatUITests.xctest; sourceTree = BUILT_PRODUCTS_DIR; };
		DD4848D920592D2F00CBE6AB /* LicencjatUITests.swift */ = {isa = PBXFileReference; lastKnownFileType = sourcecode.swift; path = LicencjatUITests.swift; sourceTree = "<group>"; };
		DD4848DB20592D2F00CBE6AB /* Info.plist */ = {isa = PBXFileReference; lastKnownFileType = text.plist.xml; path = Info.plist; sourceTree = "<group>"; };
		DD4848E7205944FE00CBE6AB /* QuestionViewController.swift */ = {isa = PBXFileReference; fileEncoding = 4; lastKnownFileType = sourcecode.swift; path = QuestionViewController.swift; sourceTree = "<group>"; };
		DD7FED4720984FE600E7B614 /* LoginView.swift */ = {isa = PBXFileReference; lastKnownFileType = sourcecode.swift; path = LoginView.swift; sourceTree = "<group>"; };
		DD7FED512098760600E7B614 /* Alamofire.framework */ = {isa = PBXFileReference; lastKnownFileType = wrapper.framework; name = Alamofire.framework; path = Carthage/Build/iOS/Alamofire.framework; sourceTree = "<group>"; };
		DD7FED522098760600E7B614 /* SwiftKeychainWrapper.framework */ = {isa = PBXFileReference; lastKnownFileType = wrapper.framework; name = SwiftKeychainWrapper.framework; path = Carthage/Build/iOS/SwiftKeychainWrapper.framework; sourceTree = "<group>"; };
		DD7FED532098760600E7B614 /* Lottie.framework */ = {isa = PBXFileReference; lastKnownFileType = wrapper.framework; name = Lottie.framework; path = Carthage/Build/iOS/Lottie.framework; sourceTree = "<group>"; };
		DD7FED572098986D00E7B614 /* QuestionStruct.swift */ = {isa = PBXFileReference; lastKnownFileType = sourcecode.swift; path = QuestionStruct.swift; sourceTree = "<group>"; };
		DD8695B6208513420097CFF6 /* Networking.swift */ = {isa = PBXFileReference; lastKnownFileType = sourcecode.swift; path = Networking.swift; sourceTree = "<group>"; };
		DDA5BB6C20CED842001DAFDF /* UsersStruct.swift */ = {isa = PBXFileReference; lastKnownFileType = sourcecode.swift; path = UsersStruct.swift; sourceTree = "<group>"; };
/* End PBXFileReference section */

/* Begin PBXFrameworksBuildPhase section */
		DD4848B320592D2F00CBE6AB /* Frameworks */ = {
			isa = PBXFrameworksBuildPhase;
			buildActionMask = 2147483647;
			files = (
				DDCB35AD20D29D3D00E0EA1B /* SwiftKeychainWrapper.framework in Frameworks */,
			);
			runOnlyForDeploymentPostprocessing = 0;
		};
		DD4848C720592D2F00CBE6AB /* Frameworks */ = {
			isa = PBXFrameworksBuildPhase;
			buildActionMask = 2147483647;
			files = (
			);
			runOnlyForDeploymentPostprocessing = 0;
		};
		DD4848D220592D2F00CBE6AB /* Frameworks */ = {
			isa = PBXFrameworksBuildPhase;
			buildActionMask = 2147483647;
			files = (
			);
			runOnlyForDeploymentPostprocessing = 0;
		};
/* End PBXFrameworksBuildPhase section */

/* Begin PBXGroup section */
		DD4848AD20592D2F00CBE6AB = {
			isa = PBXGroup;
			children = (
				DD4848B820592D2F00CBE6AB /* Licencjat */,
				DD4848CD20592D2F00CBE6AB /* LicencjatTests */,
				DD4848D820592D2F00CBE6AB /* LicencjatUITests */,
				DD4848B720592D2F00CBE6AB /* Products */,
				DD7FED4920986F6400E7B614 /* Frameworks */,
			);
			sourceTree = "<group>";
		};
		DD4848B720592D2F00CBE6AB /* Products */ = {
			isa = PBXGroup;
			children = (
				DD4848B620592D2F00CBE6AB /* Licencjat.app */,
				DD4848CA20592D2F00CBE6AB /* LicencjatTests.xctest */,
				DD4848D520592D2F00CBE6AB /* LicencjatUITests.xctest */,
			);
			name = Products;
			sourceTree = "<group>";
		};
		DD4848B820592D2F00CBE6AB /* Licencjat */ = {
			isa = PBXGroup;
			children = (
				DD4848B920592D2F00CBE6AB /* AppDelegate.swift */,
				DD4848E7205944FE00CBE6AB /* QuestionViewController.swift */,
				DD4848BD20592D2F00CBE6AB /* Main.storyboard */,
				DD4848C020592D2F00CBE6AB /* Assets.xcassets */,
				DD4848C220592D2F00CBE6AB /* LaunchScreen.storyboard */,
				DD4848C520592D2F00CBE6AB /* Info.plist */,
				DD8695B6208513420097CFF6 /* Networking.swift */,
				DD7FED4720984FE600E7B614 /* LoginView.swift */,
				DDA5BB6C20CED842001DAFDF /* UsersStruct.swift */,
				DD7FED572098986D00E7B614 /* QuestionStruct.swift */,
				DD3C9BCE20C52F6800353DFC /* QuestionTableViewCell.swift */,
				DD3C9BD020C52F8D00353DFC /* QuestionsTableViewController.swift */,
				DD0F262620C8484300051E7E /* AddQuestionViewController.swift */,
			);
			path = Licencjat;
			sourceTree = "<group>";
		};
		DD4848CD20592D2F00CBE6AB /* LicencjatTests */ = {
			isa = PBXGroup;
			children = (
				DD4848CE20592D2F00CBE6AB /* LicencjatTests.swift */,
				DD4848D020592D2F00CBE6AB /* Info.plist */,
			);
			path = LicencjatTests;
			sourceTree = "<group>";
		};
		DD4848D820592D2F00CBE6AB /* LicencjatUITests */ = {
			isa = PBXGroup;
			children = (
				DD4848D920592D2F00CBE6AB /* LicencjatUITests.swift */,
				DD4848DB20592D2F00CBE6AB /* Info.plist */,
			);
			path = LicencjatUITests;
			sourceTree = "<group>";
		};
		DD7FED4920986F6400E7B614 /* Frameworks */ = {
			isa = PBXGroup;
			children = (
				DD7FED512098760600E7B614 /* Alamofire.framework */,
				DD7FED532098760600E7B614 /* Lottie.framework */,
				DD7FED522098760600E7B614 /* SwiftKeychainWrapper.framework */,
			);
			name = Frameworks;
			sourceTree = "<group>";
		};
/* End PBXGroup section */

/* Begin PBXNativeTarget section */
		DD4848B520592D2F00CBE6AB /* Licencjat */ = {
			isa = PBXNativeTarget;
			buildConfigurationList = DD4848DE20592D2F00CBE6AB /* Build configuration list for PBXNativeTarget "Licencjat" */;
			buildPhases = (
				DD4848B220592D2F00CBE6AB /* Sources */,
				DD4848B320592D2F00CBE6AB /* Frameworks */,
				DD4848B420592D2F00CBE6AB /* Resources */,
				DD7FED5020986F9500E7B614 /* ShellScript */,
			);
			buildRules = (
			);
			dependencies = (
			);
			name = Licencjat;
			productName = Licencjat;
			productReference = DD4848B620592D2F00CBE6AB /* Licencjat.app */;
			productType = "com.apple.product-type.application";
		};
		DD4848C920592D2F00CBE6AB /* LicencjatTests */ = {
			isa = PBXNativeTarget;
			buildConfigurationList = DD4848E120592D2F00CBE6AB /* Build configuration list for PBXNativeTarget "LicencjatTests" */;
			buildPhases = (
				DD4848C620592D2F00CBE6AB /* Sources */,
				DD4848C720592D2F00CBE6AB /* Frameworks */,
				DD4848C820592D2F00CBE6AB /* Resources */,
			);
			buildRules = (
			);
			dependencies = (
				DD4848CC20592D2F00CBE6AB /* PBXTargetDependency */,
			);
			name = LicencjatTests;
			productName = LicencjatTests;
			productReference = DD4848CA20592D2F00CBE6AB /* LicencjatTests.xctest */;
			productType = "com.apple.product-type.bundle.unit-test";
		};
		DD4848D420592D2F00CBE6AB /* LicencjatUITests */ = {
			isa = PBXNativeTarget;
			buildConfigurationList = DD4848E420592D2F00CBE6AB /* Build configuration list for PBXNativeTarget "LicencjatUITests" */;
			buildPhases = (
				DD4848D120592D2F00CBE6AB /* Sources */,
				DD4848D220592D2F00CBE6AB /* Frameworks */,
				DD4848D320592D2F00CBE6AB /* Resources */,
			);
			buildRules = (
			);
			dependencies = (
				DD4848D720592D2F00CBE6AB /* PBXTargetDependency */,
			);
			name = LicencjatUITests;
			productName = LicencjatUITests;
			productReference = DD4848D520592D2F00CBE6AB /* LicencjatUITests.xctest */;
			productType = "com.apple.product-type.bundle.ui-testing";
		};
/* End PBXNativeTarget section */

/* Begin PBXProject section */
		DD4848AE20592D2F00CBE6AB /* Project object */ = {
			isa = PBXProject;
			attributes = {
				LastSwiftUpdateCheck = 0920;
				LastUpgradeCheck = 0920;
				ORGANIZATIONNAME = "Mikolaj Adamowicz";
				TargetAttributes = {
					DD4848B520592D2F00CBE6AB = {
						CreatedOnToolsVersion = 9.2;
						ProvisioningStyle = Automatic;
					};
					DD4848C920592D2F00CBE6AB = {
						CreatedOnToolsVersion = 9.2;
						ProvisioningStyle = Automatic;
						TestTargetID = DD4848B520592D2F00CBE6AB;
					};
					DD4848D420592D2F00CBE6AB = {
						CreatedOnToolsVersion = 9.2;
						ProvisioningStyle = Automatic;
						TestTargetID = DD4848B520592D2F00CBE6AB;
					};
				};
			};
			buildConfigurationList = DD4848B120592D2F00CBE6AB /* Build configuration list for PBXProject "Licencjat" */;
			compatibilityVersion = "Xcode 8.0";
			developmentRegion = en;
			hasScannedForEncodings = 0;
			knownRegions = (
				en,
				Base,
			);
			mainGroup = DD4848AD20592D2F00CBE6AB;
			productRefGroup = DD4848B720592D2F00CBE6AB /* Products */;
			projectDirPath = "";
			projectRoot = "";
			targets = (
				DD4848B520592D2F00CBE6AB /* Licencjat */,
				DD4848C920592D2F00CBE6AB /* LicencjatTests */,
				DD4848D420592D2F00CBE6AB /* LicencjatUITests */,
			);
		};
/* End PBXProject section */

/* Begin PBXResourcesBuildPhase section */
		DD4848B420592D2F00CBE6AB /* Resources */ = {
			isa = PBXResourcesBuildPhase;
			buildActionMask = 2147483647;
			files = (
				DD4848C420592D2F00CBE6AB /* LaunchScreen.storyboard in Resources */,
				DD4848C120592D2F00CBE6AB /* Assets.xcassets in Resources */,
				DD4848BF20592D2F00CBE6AB /* Main.storyboard in Resources */,
			);
			runOnlyForDeploymentPostprocessing = 0;
		};
		DD4848C820592D2F00CBE6AB /* Resources */ = {
			isa = PBXResourcesBuildPhase;
			buildActionMask = 2147483647;
			files = (
			);
			runOnlyForDeploymentPostprocessing = 0;
		};
		DD4848D320592D2F00CBE6AB /* Resources */ = {
			isa = PBXResourcesBuildPhase;
			buildActionMask = 2147483647;
			files = (
			);
			runOnlyForDeploymentPostprocessing = 0;
		};
/* End PBXResourcesBuildPhase section */

/* Begin PBXShellScriptBuildPhase section */
		DD7FED5020986F9500E7B614 /* ShellScript */ = {
			isa = PBXShellScriptBuildPhase;
			buildActionMask = 2147483647;
			files = (
			);
			inputPaths = (
				"$(SRCROOT)/Carthage/Build/iOS/SwiftKeychainWrapper.framework",
			);
			outputPaths = (
				"$(DERIVED_FILE_DIR)/$(FRAMEWORKS_FOLDER_PATH)/SwiftKeychainWrapper.framework",
			);
			runOnlyForDeploymentPostprocessing = 0;
			shellPath = /bin/sh;
			shellScript = "/usr/local/bin/carthage copy-frameworks";
		};
/* End PBXShellScriptBuildPhase section */

/* Begin PBXSourcesBuildPhase section */
		DD4848B220592D2F00CBE6AB /* Sources */ = {
			isa = PBXSourcesBuildPhase;
			buildActionMask = 2147483647;
			files = (
				DD3C9BD120C52F8D00353DFC /* QuestionsTableViewController.swift in Sources */,
				DD8695B7208513420097CFF6 /* Networking.swift in Sources */,
				DD0F262720C8484300051E7E /* AddQuestionViewController.swift in Sources */,
				DD7FED582098986D00E7B614 /* QuestionStruct.swift in Sources */,
				DD4848E8205944FE00CBE6AB /* QuestionViewController.swift in Sources */,
				DD3C9BCF20C52F6800353DFC /* QuestionTableViewCell.swift in Sources */,
				DD7FED4820984FE700E7B614 /* LoginView.swift in Sources */,
				DDA5BB6D20CED842001DAFDF /* UsersStruct.swift in Sources */,
				DD4848BA20592D2F00CBE6AB /* AppDelegate.swift in Sources */,
			);
			runOnlyForDeploymentPostprocessing = 0;
		};
		DD4848C620592D2F00CBE6AB /* Sources */ = {
			isa = PBXSourcesBuildPhase;
			buildActionMask = 2147483647;
			files = (
				DD4848CF20592D2F00CBE6AB /* LicencjatTests.swift in Sources */,
			);
			runOnlyForDeploymentPostprocessing = 0;
		};
		DD4848D120592D2F00CBE6AB /* Sources */ = {
			isa = PBXSourcesBuildPhase;
			buildActionMask = 2147483647;
			files = (
				DD4848DA20592D2F00CBE6AB /* LicencjatUITests.swift in Sources */,
			);
			runOnlyForDeploymentPostprocessing = 0;
		};
/* End PBXSourcesBuildPhase section */

/* Begin PBXTargetDependency section */
		DD4848CC20592D2F00CBE6AB /* PBXTargetDependency */ = {
			isa = PBXTargetDependency;
			target = DD4848B520592D2F00CBE6AB /* Licencjat */;
			targetProxy = DD4848CB20592D2F00CBE6AB /* PBXContainerItemProxy */;
		};
		DD4848D720592D2F00CBE6AB /* PBXTargetDependency */ = {
			isa = PBXTargetDependency;
			target = DD4848B520592D2F00CBE6AB /* Licencjat */;
			targetProxy = DD4848D620592D2F00CBE6AB /* PBXContainerItemProxy */;
		};
/* End PBXTargetDependency section */

/* Begin PBXVariantGroup section */
		DD4848BD20592D2F00CBE6AB /* Main.storyboard */ = {
			isa = PBXVariantGroup;
			children = (
				DD4848BE20592D2F00CBE6AB /* Base */,
			);
			name = Main.storyboard;
			sourceTree = "<group>";
		};
		DD4848C220592D2F00CBE6AB /* LaunchScreen.storyboard */ = {
			isa = PBXVariantGroup;
			children = (
				DD4848C320592D2F00CBE6AB /* Base */,
			);
			name = LaunchScreen.storyboard;
			sourceTree = "<group>";
		};
/* End PBXVariantGroup section */

/* Begin XCBuildConfiguration section */
		DD4848DC20592D2F00CBE6AB /* Debug */ = {
			isa = XCBuildConfiguration;
			buildSettings = {
				ALWAYS_SEARCH_USER_PATHS = NO;
				CLANG_ANALYZER_NONNULL = YES;
				CLANG_ANALYZER_NUMBER_OBJECT_CONVERSION = YES_AGGRESSIVE;
				CLANG_CXX_LANGUAGE_STANDARD = "gnu++14";
				CLANG_CXX_LIBRARY = "libc++";
				CLANG_ENABLE_MODULES = YES;
				CLANG_ENABLE_OBJC_ARC = YES;
				CLANG_WARN_BLOCK_CAPTURE_AUTORELEASING = YES;
				CLANG_WARN_BOOL_CONVERSION = YES;
				CLANG_WARN_COMMA = YES;
				CLANG_WARN_CONSTANT_CONVERSION = YES;
				CLANG_WARN_DIRECT_OBJC_ISA_USAGE = YES_ERROR;
				CLANG_WARN_DOCUMENTATION_COMMENTS = YES;
				CLANG_WARN_EMPTY_BODY = YES;
				CLANG_WARN_ENUM_CONVERSION = YES;
				CLANG_WARN_INFINITE_RECURSION = YES;
				CLANG_WARN_INT_CONVERSION = YES;
				CLANG_WARN_NON_LITERAL_NULL_CONVERSION = YES;
				CLANG_WARN_OBJC_LITERAL_CONVERSION = YES;
				CLANG_WARN_OBJC_ROOT_CLASS = YES_ERROR;
				CLANG_WARN_RANGE_LOOP_ANALYSIS = YES;
				CLANG_WARN_STRICT_PROTOTYPES = YES;
				CLANG_WARN_SUSPICIOUS_MOVE = YES;
				CLANG_WARN_UNGUARDED_AVAILABILITY = YES_AGGRESSIVE;
				CLANG_WARN_UNREACHABLE_CODE = YES;
				CLANG_WARN__DUPLICATE_METHOD_MATCH = YES;
				CODE_SIGN_IDENTITY = "iPhone Developer";
				COPY_PHASE_STRIP = NO;
				DEBUG_INFORMATION_FORMAT = dwarf;
				ENABLE_STRICT_OBJC_MSGSEND = YES;
				ENABLE_TESTABILITY = YES;
				GCC_C_LANGUAGE_STANDARD = gnu11;
				GCC_DYNAMIC_NO_PIC = NO;
				GCC_NO_COMMON_BLOCKS = YES;
				GCC_OPTIMIZATION_LEVEL = 0;
				GCC_PREPROCESSOR_DEFINITIONS = (
					"DEBUG=1",
					"$(inherited)",
				);
				GCC_WARN_64_TO_32_BIT_CONVERSION = YES;
				GCC_WARN_ABOUT_RETURN_TYPE = YES_ERROR;
				GCC_WARN_UNDECLARED_SELECTOR = YES;
				GCC_WARN_UNINITIALIZED_AUTOS = YES_AGGRESSIVE;
				GCC_WARN_UNUSED_FUNCTION = YES;
				GCC_WARN_UNUSED_VARIABLE = YES;
				IPHONEOS_DEPLOYMENT_TARGET = 11.2;
				MTL_ENABLE_DEBUG_INFO = YES;
				ONLY_ACTIVE_ARCH = YES;
				SDKROOT = iphoneos;
				SWIFT_ACTIVE_COMPILATION_CONDITIONS = DEBUG;
				SWIFT_OPTIMIZATION_LEVEL = "-Onone";
			};
			name = Debug;
		};
		DD4848DD20592D2F00CBE6AB /* Release */ = {
			isa = XCBuildConfiguration;
			buildSettings = {
				ALWAYS_SEARCH_USER_PATHS = NO;
				CLANG_ANALYZER_NONNULL = YES;
				CLANG_ANALYZER_NUMBER_OBJECT_CONVERSION = YES_AGGRESSIVE;
				CLANG_CXX_LANGUAGE_STANDARD = "gnu++14";
				CLANG_CXX_LIBRARY = "libc++";
				CLANG_ENABLE_MODULES = YES;
				CLANG_ENABLE_OBJC_ARC = YES;
				CLANG_WARN_BLOCK_CAPTURE_AUTORELEASING = YES;
				CLANG_WARN_BOOL_CONVERSION = YES;
				CLANG_WARN_COMMA = YES;
				CLANG_WARN_CONSTANT_CONVERSION = YES;
				CLANG_WARN_DIRECT_OBJC_ISA_USAGE = YES_ERROR;
				CLANG_WARN_DOCUMENTATION_COMMENTS = YES;
				CLANG_WARN_EMPTY_BODY = YES;
				CLANG_WARN_ENUM_CONVERSION = YES;
				CLANG_WARN_INFINITE_RECURSION = YES;
				CLANG_WARN_INT_CONVERSION = YES;
				CLANG_WARN_NON_LITERAL_NULL_CONVERSION = YES;
				CLANG_WARN_OBJC_LITERAL_CONVERSION = YES;
				CLANG_WARN_OBJC_ROOT_CLASS = YES_ERROR;
				CLANG_WARN_RANGE_LOOP_ANALYSIS = YES;
				CLANG_WARN_STRICT_PROTOTYPES = YES;
				CLANG_WARN_SUSPICIOUS_MOVE = YES;
				CLANG_WARN_UNGUARDED_AVAILABILITY = YES_AGGRESSIVE;
				CLANG_WARN_UNREACHABLE_CODE = YES;
				CLANG_WARN__DUPLICATE_METHOD_MATCH = YES;
				CODE_SIGN_IDENTITY = "iPhone Developer";
				COPY_PHASE_STRIP = NO;
				DEBUG_INFORMATION_FORMAT = "dwarf-with-dsym";
				ENABLE_NS_ASSERTIONS = NO;
				ENABLE_STRICT_OBJC_MSGSEND = YES;
				GCC_C_LANGUAGE_STANDARD = gnu11;
				GCC_NO_COMMON_BLOCKS = YES;
				GCC_WARN_64_TO_32_BIT_CONVERSION = YES;
				GCC_WARN_ABOUT_RETURN_TYPE = YES_ERROR;
				GCC_WARN_UNDECLARED_SELECTOR = YES;
				GCC_WARN_UNINITIALIZED_AUTOS = YES_AGGRESSIVE;
				GCC_WARN_UNUSED_FUNCTION = YES;
				GCC_WARN_UNUSED_VARIABLE = YES;
				IPHONEOS_DEPLOYMENT_TARGET = 11.2;
				MTL_ENABLE_DEBUG_INFO = NO;
				SDKROOT = iphoneos;
				SWIFT_OPTIMIZATION_LEVEL = "-Owholemodule";
				VALIDATE_PRODUCT = YES;
			};
			name = Release;
		};
		DD4848DF20592D2F00CBE6AB /* Debug */ = {
			isa = XCBuildConfiguration;
			buildSettings = {
				ASSETCATALOG_COMPILER_APPICON_NAME = AppIcon;
				CODE_SIGN_STYLE = Automatic;
				DEVELOPMENT_TEAM = B35B9F4DF2;
				FRAMEWORK_SEARCH_PATHS = (
					"$(inherited)",
					"$(PROJECT_DIR)/Licencjat/Carthage/Build/iOS",
					"$(PROJECT_DIR)/Carthage/Build/iOS",
				);
				INFOPLIST_FILE = Licencjat/Info.plist;
				LD_RUNPATH_SEARCH_PATHS = "$(inherited) @executable_path/Frameworks";
				PRODUCT_BUNDLE_IDENTIFIER = mikolaj.adamowicz.Licencjat;
				PRODUCT_NAME = "$(TARGET_NAME)";
				SWIFT_VERSION = 4.0;
				TARGETED_DEVICE_FAMILY = "1,2";
			};
			name = Debug;
		};
		DD4848E020592D2F00CBE6AB /* Release */ = {
			isa = XCBuildConfiguration;
			buildSettings = {
				ASSETCATALOG_COMPILER_APPICON_NAME = AppIcon;
				CODE_SIGN_STYLE = Automatic;
				DEVELOPMENT_TEAM = B35B9F4DF2;
				FRAMEWORK_SEARCH_PATHS = (
					"$(inherited)",
					"$(PROJECT_DIR)/Licencjat/Carthage/Build/iOS",
					"$(PROJECT_DIR)/Carthage/Build/iOS",
				);
				INFOPLIST_FILE = Licencjat/Info.plist;
				LD_RUNPATH_SEARCH_PATHS = "$(inherited) @executable_path/Frameworks";
				PRODUCT_BUNDLE_IDENTIFIER = mikolaj.adamowicz.Licencjat;
				PRODUCT_NAME = "$(TARGET_NAME)";
				SWIFT_VERSION = 4.0;
				TARGETED_DEVICE_FAMILY = "1,2";
			};
			name = Release;
		};
		DD4848E220592D2F00CBE6AB /* Debug */ = {
			isa = XCBuildConfiguration;
			buildSettings = {
				ALWAYS_EMBED_SWIFT_STANDARD_LIBRARIES = YES;
				BUNDLE_LOADER = "$(TEST_HOST)";
				CODE_SIGN_STYLE = Automatic;
				DEVELOPMENT_TEAM = B35B9F4DF2;
				INFOPLIST_FILE = LicencjatTests/Info.plist;
				LD_RUNPATH_SEARCH_PATHS = "$(inherited) @executable_path/Frameworks @loader_path/Frameworks";
				PRODUCT_BUNDLE_IDENTIFIER = mikolaj.adamowicz.LicencjatTests;
				PRODUCT_NAME = "$(TARGET_NAME)";
				SWIFT_VERSION = 4.0;
				TARGETED_DEVICE_FAMILY = "1,2";
				TEST_HOST = "$(BUILT_PRODUCTS_DIR)/Licencjat.app/Licencjat";
			};
			name = Debug;
		};
		DD4848E320592D2F00CBE6AB /* Release */ = {
			isa = XCBuildConfiguration;
			buildSettings = {
				ALWAYS_EMBED_SWIFT_STANDARD_LIBRARIES = YES;
				BUNDLE_LOADER = "$(TEST_HOST)";
				CODE_SIGN_STYLE = Automatic;
				DEVELOPMENT_TEAM = B35B9F4DF2;
				INFOPLIST_FILE = LicencjatTests/Info.plist;
				LD_RUNPATH_SEARCH_PATHS = "$(inherited) @executable_path/Frameworks @loader_path/Frameworks";
				PRODUCT_BUNDLE_IDENTIFIER = mikolaj.adamowicz.LicencjatTests;
				PRODUCT_NAME = "$(TARGET_NAME)";
				SWIFT_VERSION = 4.0;
				TARGETED_DEVICE_FAMILY = "1,2";
				TEST_HOST = "$(BUILT_PRODUCTS_DIR)/Licencjat.app/Licencjat";
			};
			name = Release;
		};
		DD4848E520592D2F00CBE6AB /* Debug */ = {
			isa = XCBuildConfiguration;
			buildSettings = {
				ALWAYS_EMBED_SWIFT_STANDARD_LIBRARIES = YES;
				CODE_SIGN_STYLE = Automatic;
				DEVELOPMENT_TEAM = B35B9F4DF2;
				INFOPLIST_FILE = LicencjatUITests/Info.plist;
				LD_RUNPATH_SEARCH_PATHS = "$(inherited) @executable_path/Frameworks @loader_path/Frameworks";
				PRODUCT_BUNDLE_IDENTIFIER = mikolaj.adamowicz.LicencjatUITests;
				PRODUCT_NAME = "$(TARGET_NAME)";
				SWIFT_VERSION = 4.0;
				TARGETED_DEVICE_FAMILY = "1,2";
				TEST_TARGET_NAME = Licencjat;
			};
			name = Debug;
		};
		DD4848E620592D2F00CBE6AB /* Release */ = {
			isa = XCBuildConfiguration;
			buildSettings = {
				ALWAYS_EMBED_SWIFT_STANDARD_LIBRARIES = YES;
				CODE_SIGN_STYLE = Automatic;
				DEVELOPMENT_TEAM = B35B9F4DF2;
				INFOPLIST_FILE = LicencjatUITests/Info.plist;
				LD_RUNPATH_SEARCH_PATHS = "$(inherited) @executable_path/Frameworks @loader_path/Frameworks";
				PRODUCT_BUNDLE_IDENTIFIER = mikolaj.adamowicz.LicencjatUITests;
				PRODUCT_NAME = "$(TARGET_NAME)";
				SWIFT_VERSION = 4.0;
				TARGETED_DEVICE_FAMILY = "1,2";
				TEST_TARGET_NAME = Licencjat;
			};
			name = Release;
		};
/* End XCBuildConfiguration section */

/* Begin XCConfigurationList section */
		DD4848B120592D2F00CBE6AB /* Build configuration list for PBXProject "Licencjat" */ = {
			isa = XCConfigurationList;
			buildConfigurations = (
				DD4848DC20592D2F00CBE6AB /* Debug */,
				DD4848DD20592D2F00CBE6AB /* Release */,
			);
			defaultConfigurationIsVisible = 0;
			defaultConfigurationName = Release;
		};
		DD4848DE20592D2F00CBE6AB /* Build configuration list for PBXNativeTarget "Licencjat" */ = {
			isa = XCConfigurationList;
			buildConfigurations = (
				DD4848DF20592D2F00CBE6AB /* Debug */,
				DD4848E020592D2F00CBE6AB /* Release */,
			);
			defaultConfigurationIsVisible = 0;
			defaultConfigurationName = Release;
		};
		DD4848E120592D2F00CBE6AB /* Build configuration list for PBXNativeTarget "LicencjatTests" */ = {
			isa = XCConfigurationList;
			buildConfigurations = (
				DD4848E220592D2F00CBE6AB /* Debug */,
				DD4848E320592D2F00CBE6AB /* Release */,
			);
			defaultConfigurationIsVisible = 0;
			defaultConfigurationName = Release;
		};
		DD4848E420592D2F00CBE6AB /* Build configuration list for PBXNativeTarget "LicencjatUITests" */ = {
			isa = XCConfigurationList;
			buildConfigurations = (
				DD4848E520592D2F00CBE6AB /* Debug */,
				DD4848E620592D2F00CBE6AB /* Release */,
			);
			defaultConfigurationIsVisible = 0;
			defaultConfigurationName = Release;
		};
/* End XCConfigurationList section */
	};
	rootObject = DD4848AE20592D2F00CBE6AB /* Project object */;
}
